{
  "lockfileVersion": 1,
  "configVersion": 1,
  "workspaces": {
    "": {
      "name": "speedx",
      "dependencies": {
        "@logtape/file": "^2.0.2",
        "@logtape/logtape": "^2.0.2",
        "figlet": "^1.10.0",
        "macos-temperature-sensor": "^1.0.4",
        "osx-temperature-sensor": "^1.0.8",
        "prom-client": "^15.1.3",
        "systeminformation": "^5.30.6",
      },
      "devDependencies": {
        "@types/bun": "latest",
        "@types/figlet": "^1.7.0",
      },
      "peerDependencies": {
        "typescript": "^5",
      },
    },
  },
  "packages": {
    "@logtape/file": ["@logtape/file@2.0.2", "", { "peerDependencies": { "@logtape/logtape": "^2.0.2" } }, "sha512-M+xrTu1B+7IGhXqvZlT2mxnY2u1y/6K8Tp16MMwx16rSdz7CKGaXzlq3RLQYrz1GqtduvqGLHB7Hat1XXnb8VQ=="],

    "@logtape/logtape": ["@logtape/logtape@2.0.2", "", {}, "sha512-cveUBLbCMFkvkLycP/2vNWvywl47JcJbazHIju94/QNGboZ/jyYAgZIm0ZXezAOx3eIz8OG1EOZ5CuQP3+2FQg=="],

    "@opentelemetry/api": ["@opentelemetry/api@1.9.0", "", {}, "sha512-3giAOQvZiH5F9bMlMiv8+GSPMeqg0dbaeo58/0SlA9sxSqZhnUtxzX9/2FzyhS9sWQf5S0GJE0AKBrFqjpeYcg=="],

    "@types/bun": ["@types/bun@1.3.7", "", { "dependencies": { "bun-types": "1.3.7" } }, "sha512-lmNuMda+Z9b7tmhA0tohwy8ZWFSnmQm1UDWXtH5r9F7wZCfkeO3Jx7wKQ1EOiKq43yHts7ky6r8SDJQWRNupkA=="],

    "@types/figlet": ["@types/figlet@1.7.0", "", {}, "sha512-KwrT7p/8Eo3Op/HBSIwGXOsTZKYiM9NpWRBJ5sVjWP/SmlS+oxxRvJht/FNAtliJvja44N3ul1yATgohnVBV0Q=="],

    "@types/node": ["@types/node@25.0.10", "", { "dependencies": { "undici-types": "~7.16.0" } }, "sha512-zWW5KPngR/yvakJgGOmZ5vTBemDoSqF3AcV/LrO5u5wTWyEAVVh+IT39G4gtyAkh3CtTZs8aX/yRM82OfzHJRg=="],

    "bintrees": ["bintrees@1.0.2", "", {}, "sha512-VOMgTMwjAaUG580SXn3LacVgjurrbMme7ZZNYGSSV7mmtY6QQRh0Eg3pwIcntQ77DErK1L0NxkbetjcoXzVwKw=="],

    "bun-types": ["bun-types@1.3.7", "", { "dependencies": { "@types/node": "*" } }, "sha512-qyschsA03Qz+gou+apt6HNl6HnI+sJJLL4wLDke4iugsE6584CMupOtTY1n+2YC9nGVrEKUlTs99jjRLKgWnjQ=="],

    "commander": ["commander@14.0.2", "", {}, "sha512-TywoWNNRbhoD0BXs1P3ZEScW8W5iKrnbithIl0YH+uCmBd0QpPOA8yc82DS3BIE5Ma6FnBVUsJ7wVUDz4dvOWQ=="],

    "figlet": ["figlet@1.10.0", "", { "dependencies": { "commander": "^14.0.0" }, "bin": { "figlet": "bin/index.js" } }, "sha512-aktIwEZZ6Gp9AWdMXW4YCi0J2Ahuxo67fNJRUIWD81w8pQ0t9TS8FFpbl27ChlTLF06VkwjDesZSzEVzN75rzA=="],

    "macos-temperature-sensor": ["macos-temperature-sensor@1.0.4", "", { "os": "darwin", "cpu": "arm64" }, "sha512-JROshGB+f+UnsbNwM6SER4AK82fdGmk79ElhH+8xVieCUQ1fxTanTwp7Rv9DTRtmgB6hLcEGvQYL8XsPbAKLUA=="],

    "osx-temperature-sensor": ["osx-temperature-sensor@1.0.8", "", { "os": "darwin" }, "sha512-Gl3b+bn7+oDDnqPa+4v/cg3yg9lnE8ppS7ivL3opBZh4i7h99JNmkm6zWmo0m2a83UUJu+C9D7lGP0OS8IlehA=="],

    "prom-client": ["prom-client@15.1.3", "", { "dependencies": { "@opentelemetry/api": "^1.4.0", "tdigest": "^0.1.1" } }, "sha512-6ZiOBfCywsD4k1BN9IX0uZhF+tJkV8q8llP64G5Hajs4JOeVLPCwpPVcpXy3BwYiUGgyJzsJJQeOIv7+hDSq8g=="],

    "systeminformation": ["systeminformation@5.30.6", "", { "os": "!aix", "bin": { "systeminformation": "lib/cli.js" } }, "sha512-LEIyK1aEv5P3BhAPW3swdlIyCihxwEq/Gki+kcONieU4PIeRCSLDuGkk0Va/56PSBgjVgEksOM88dmY6YqOyfQ=="],

    "tdigest": ["tdigest@0.1.2", "", { "dependencies": { "bintrees": "1.0.2" } }, "sha512-+G0LLgjjo9BZX2MfdvPfH+MKLCrxlXSYec5DaPYP1fe6Iyhf0/fSmJ0bFiZ1F8BT6cGXl2LpltQptzjXKWEkKA=="],

    "typescript": ["typescript@5.9.3", "", { "bin": { "tsc": "bin/tsc", "tsserver": "bin/tsserver" } }, "sha512-jl1vZzPDinLr9eUt3J/t7V6FgNEw9QjvBPdysz9KfQDD41fQrC2Y4vKQdiaUpFT4bXlb1RHhLpp8wtm6M5TgSw=="],

    "undici-types": ["undici-types@7.16.0", "", {}, "sha512-Zz+aZWSj8LE6zoxD+xrjh4VfkIG8Ya6LvYkZqtUQGJPZjYl53ypCaUwWqo7eI0x66KBGeRo+mlBEkMSeSZ38Nw=="],
  }
}
